
Microsoft Visual Studio Solution File, Format Version 12.00
# Visual Studio 15
Project("{FAE04EC0-301F-11D3-BF4B-00C04F79EFBC}") = "Assembly-CSharp", "Assembly-CSharp.csproj", "{BCA7827D-7BC8-7174-C229-F557A4211299}"
EndProject
Project("{FAE04EC0-301F-11D3-BF4B-00C04F79EFBC}") = "Assembly-CSharp-firstpass", "Assembly-CSharp-firstpass.csproj", "{CD62A239-1741-474D-71E0-F33E3187729D}"
EndProject
Project("{FAE04EC0-301F-11D3-BF4B-00C04F79EFBC}") = "Assembly-CSharp-Editor-firstpass", "Assembly-CSharp-Editor-firstpass.csproj", "{8966FEE5-A9E5-E549-5DB5-79AB64FE8674}"
EndProject
Global
	GlobalSection(SolutionConfigurationPlatforms) = preSolution
		Debug|Any CPU = Debug|Any CPU
		Release|Any CPU = Release|Any CPU
	EndGlobalSection
	GlobalSection(ProjectConfigurationPlatforms) = postSolution
		{BCA7827D-7BC8-7174-C229-F557A4211299}.Debug|Any CPU.ActiveCfg = Debug|Any CPU
		{BCA7827D-7BC8-7174-C229-F557A4211299}.Debug|Any CPU.Build.0 = Debug|Any CPU
		{BCA7827D-7BC8-7174-C229-F557A4211299}.Release|Any CPU.ActiveCfg = Release|Any CPU
		{BCA7827D-7BC8-7174-C229-F557A4211299}.Release|Any CPU.Build.0 = Release|Any CPU
		{CD62A239-1741-474D-71E0-F33E3187729D}.Debug|Any CPU.ActiveCfg = Debug|Any CPU
		{CD62A239-1741-474D-71E0-F33E3187729D}.Debug|Any CPU.Build.0 = Debug|Any CPU
		{CD62A239-1741-474D-71E0-F33E3187729D}.Release|Any CPU.ActiveCfg = Release|Any CPU
		{CD62A239-1741-474D-71E0-F33E3187729D}.Release|Any CPU.Build.0 = Release|Any CPU
		{8966FEE5-A9E5-E549-5DB5-79AB64FE8674}.Debug|Any CPU.ActiveCfg = Debug|Any CPU
		{8966FEE5-A9E5-E549-5DB5-79AB64FE8674}.Debug|Any CPU.Build.0 = Debug|Any CPU
		{8966FEE5-A9E5-E549-5DB5-79AB64FE8674}.Release|Any CPU.ActiveCfg = Release|Any CPU
		{8966FEE5-A9E5-E549-5DB5-79AB64FE8674}.Release|Any CPU.Build.0 = Release|Any CPU
	EndGlobalSection
	GlobalSection(SolutionProperties) = preSolution
		HideSolutionNode = FALSE
	EndGlobalSection
EndGlobal
